<?xml version="1.0" encoding="utf-8"?>
<Project ToolsVersion="4.0" xmlns="http://schemas.microsoft.com/developer/msbuild/2003">
  <ItemGroup>
    <ClInclude Include="PreCompile.h">
      <Filter>PreCompile</Filter>
    </ClInclude>
    <ClInclude Include="KirbyContentsCore.h">
      <Filter>Core</Filter>
    </ClInclude>
    <ClInclude Include="PlayGameMode.h">
      <Filter>ContentsObject\GameMode</Filter>
    </ClInclude>
    <ClInclude Include="PlayMap.h" />
    <ClInclude Include="TitleGameMode.h">
      <Filter>ContentsObject\GameMode</Filter>
    </ClInclude>
    <ClInclude Include="EndingGameMode.h">
      <Filter>ContentsObject\GameMode</Filter>
    </ClInclude>
    <ClInclude Include="ContentsEnum.h">
      <Filter>Global</Filter>
    </ClInclude>
    <ClInclude Include="TitleLogo.h">
      <Filter>ContentsObject\Title</Filter>
    </ClInclude>
    <ClInclude Include="Stage1_1GameMode.h">
      <Filter>ContentsObject\GameMode</Filter>
    </ClInclude>
    <ClInclude Include="Stage1_2GameMode.h">
      <Filter>ContentsObject\GameMode</Filter>
    </ClInclude>
    <ClInclude Include="Stage1_3GameMode.h">
      <Filter>ContentsObject\GameMode</Filter>
    </ClInclude>
    <ClInclude Include="Stage1_4GameMode.h">
      <Filter>ContentsObject\GameMode</Filter>
    </ClInclude>
    <ClInclude Include="ItemRoomBeforeBossGameMode.h">
      <Filter>ContentsObject\GameMode</Filter>
    </ClInclude>
    <ClInclude Include="StageBossKingDededeGameMode.h">
      <Filter>ContentsObject\GameMode</Filter>
    </ClInclude>
    <ClInclude Include="ItemRoomBeforeBossMap.h">
      <Filter>ContentsObject\GameMap</Filter>
    </ClInclude>
    <ClInclude Include="Stage1_1Map.h">
      <Filter>ContentsObject\GameMap</Filter>
    </ClInclude>
    <ClInclude Include="Stage1_2Map.h">
      <Filter>ContentsObject\GameMap</Filter>
    </ClInclude>
    <ClInclude Include="Stage1_3Map.h">
      <Filter>ContentsObject\GameMap</Filter>
    </ClInclude>
    <ClInclude Include="Stage1_4Map.h">
      <Filter>ContentsObject\GameMap</Filter>
    </ClInclude>
    <ClInclude Include="StageKingDededeMap.h">
      <Filter>ContentsObject\GameMap</Filter>
    </ClInclude>
    <ClInclude Include="TitleMap.h">
      <Filter>ContentsObject\GameMap</Filter>
    </ClInclude>
    <ClInclude Include="StageBackground.h">
      <Filter>ContentsObject\GameMap</Filter>
    </ClInclude>
    <ClInclude Include="Widget.h">
      <Filter>ContentsObject\HUD</Filter>
    </ClInclude>
    <ClInclude Include="KirbyWidget.h">
      <Filter>ContentsObject\HUD</Filter>
    </ClInclude>
    <ClInclude Include="Player.h">
      <Filter>ContentsObject\Kirby</Filter>
    </ClInclude>
    <ClInclude Include="Sparky.h">
      <Filter>ContentsObject\Monster</Filter>
    </ClInclude>
    <ClInclude Include="WaddleDee.h">
      <Filter>ContentsObject\Monster</Filter>
    </ClInclude>
    <ClInclude Include="WaddleDoo.h">
      <Filter>ContentsObject\Monster</Filter>
    </ClInclude>
    <ClInclude Include="SpawnManager.h">
      <Filter>ContentsObject\Manager</Filter>
    </ClInclude>
    <ClInclude Include="..\EnginePlatform\ThirdParty\FMOD\Inc\fmod.h">
      <Filter>ThridParty\FMOD\Inc</Filter>
    </ClInclude>
    <ClInclude Include="..\EnginePlatform\ThirdParty\FMOD\Inc\fmod.hpp">
      <Filter>ThridParty\FMOD\Inc</Filter>
    </ClInclude>
    <ClInclude Include="..\EnginePlatform\ThirdParty\FMOD\Inc\fmod_codec.h">
      <Filter>ThridParty\FMOD\Inc</Filter>
    </ClInclude>
    <ClInclude Include="..\EnginePlatform\ThirdParty\FMOD\Inc\fmod_common.h">
      <Filter>ThridParty\FMOD\Inc</Filter>
    </ClInclude>
    <ClInclude Include="..\EnginePlatform\ThirdParty\FMOD\Inc\fmod_dsp.h">
      <Filter>ThridParty\FMOD\Inc</Filter>
    </ClInclude>
    <ClInclude Include="..\EnginePlatform\ThirdParty\FMOD\Inc\fmod_dsp_effects.h">
      <Filter>ThridParty\FMOD\Inc</Filter>
    </ClInclude>
    <ClInclude Include="..\EnginePlatform\ThirdParty\FMOD\Inc\fmod_errors.h">
      <Filter>ThridParty\FMOD\Inc</Filter>
    </ClInclude>
    <ClInclude Include="..\EnginePlatform\ThirdParty\FMOD\Inc\fmod_output.h">
      <Filter>ThridParty\FMOD\Inc</Filter>
    </ClInclude>
    <ClInclude Include="Score.h">
      <Filter>ContentsObject\HUD</Filter>
    </ClInclude>
    <ClInclude Include="MonsterWidget.h">
      <Filter>ContentsObject\HUD</Filter>
    </ClInclude>
    <ClInclude Include="Bullet.h">
      <Filter>ContentsObject\Kirby</Filter>
    </ClInclude>
    <ClInclude Include="PlayerStatsManager.h">
      <Filter>ContentsObject\Manager</Filter>
    </ClInclude>
    <ClInclude Include="Monster.h">
      <Filter>ContentsObject\Monster</Filter>
    </ClInclude>
    <ClInclude Include="FireBullet.h">
      <Filter>ContentsObject\Kirby</Filter>
    </ClInclude>
    <ClInclude Include="ActorVector.h">
      <Filter>ContentsObject\Kirby</Filter>
    </ClInclude>
    <ClInclude Include="FireBullet2.h">
      <Filter>ContentsObject\Kirby</Filter>
    </ClInclude>
  </ItemGroup>
  <ItemGroup>
    <ClCompile Include="PreCompile.cpp">
      <Filter>PreCompile</Filter>
    </ClCompile>
    <ClCompile Include="KirbyContentsCore.cpp">
      <Filter>Core</Filter>
    </ClCompile>
    <ClCompile Include="PlayGameMode.cpp">
      <Filter>ContentsObject\GameMode</Filter>
    </ClCompile>
    <ClCompile Include="PlayMap.cpp" />
    <ClCompile Include="TitleGameMode.cpp">
      <Filter>ContentsObject\GameMode</Filter>
    </ClCompile>
    <ClCompile Include="EndingGameMode.cpp">
      <Filter>ContentsObject\GameMode</Filter>
    </ClCompile>
    <ClCompile Include="ContentsEnum.cpp">
      <Filter>Global</Filter>
    </ClCompile>
    <ClCompile Include="TitleLogo.cpp">
      <Filter>ContentsObject\Title</Filter>
    </ClCompile>
    <ClCompile Include="Stage1_1GameMode.cpp">
      <Filter>ContentsObject\GameMode</Filter>
    </ClCompile>
    <ClCompile Include="Stage1_2GameMode.cpp">
      <Filter>ContentsObject\GameMode</Filter>
    </ClCompile>
    <ClCompile Include="Stage1_3GameMode.cpp">
      <Filter>ContentsObject\GameMode</Filter>
    </ClCompile>
    <ClCompile Include="Stage1_4GameMode.cpp">
      <Filter>ContentsObject\GameMode</Filter>
    </ClCompile>
    <ClCompile Include="ItemRoomBeforeBossGameMode.cpp">
      <Filter>ContentsObject\GameMode</Filter>
    </ClCompile>
    <ClCompile Include="StageBossKingDededeGameMode.cpp">
      <Filter>ContentsObject\GameMode</Filter>
    </ClCompile>
    <ClCompile Include="ItemRoomBeforeBossMap.cpp">
      <Filter>ContentsObject\GameMap</Filter>
    </ClCompile>
    <ClCompile Include="Stage1_1Map.cpp">
      <Filter>ContentsObject\GameMap</Filter>
    </ClCompile>
    <ClCompile Include="Stage1_2Map.cpp">
      <Filter>ContentsObject\GameMap</Filter>
    </ClCompile>
    <ClCompile Include="Stage1_3Map.cpp">
      <Filter>ContentsObject\GameMap</Filter>
    </ClCompile>
    <ClCompile Include="Stage1_4Map.cpp">
      <Filter>ContentsObject\GameMap</Filter>
    </ClCompile>
    <ClCompile Include="StageKingDededeMap.cpp">
      <Filter>ContentsObject\GameMap</Filter>
    </ClCompile>
    <ClCompile Include="TitleMap.cpp">
      <Filter>ContentsObject\GameMap</Filter>
    </ClCompile>
    <ClCompile Include="StageBackground.cpp">
      <Filter>ContentsObject\GameMap</Filter>
    </ClCompile>
    <ClCompile Include="Widget.cpp">
      <Filter>ContentsObject\HUD</Filter>
    </ClCompile>
    <ClCompile Include="KirbyWidget.cpp">
      <Filter>ContentsObject\HUD</Filter>
    </ClCompile>
    <ClCompile Include="Monster.cpp">
      <Filter>ContentsObject\Monster</Filter>
    </ClCompile>
    <ClCompile Include="Player.cpp">
      <Filter>ContentsObject\Kirby</Filter>
    </ClCompile>
    <ClCompile Include="Sparky.cpp">
      <Filter>ContentsObject\Monster</Filter>
    </ClCompile>
    <ClCompile Include="WaddleDee.cpp">
      <Filter>ContentsObject\Monster</Filter>
    </ClCompile>
    <ClCompile Include="WaddleDoo.cpp">
      <Filter>ContentsObject\Monster</Filter>
    </ClCompile>
    <ClCompile Include="SpawnManager.cpp">
      <Filter>ContentsObject\Manager</Filter>
    </ClCompile>
    <ClCompile Include="Score.cpp">
      <Filter>ContentsObject\HUD</Filter>
    </ClCompile>
    <ClCompile Include="MonsterWidget.cpp">
      <Filter>ContentsObject\HUD</Filter>
    </ClCompile>
    <ClCompile Include="Bullet.cpp">
      <Filter>ContentsObject\Kirby</Filter>
    </ClCompile>
    <ClCompile Include="PlayerStatsManager.cpp">
      <Filter>ContentsObject\Manager</Filter>
    </ClCompile>
    <ClCompile Include="FireBullet.cpp">
      <Filter>ContentsObject\Kirby</Filter>
    </ClCompile>
    <ClCompile Include="ActorVector.cpp">
      <Filter>ContentsObject\Kirby</Filter>
    </ClCompile>
    <ClCompile Include="FireBullet2.cpp">
      <Filter>ContentsObject\Kirby</Filter>
    </ClCompile>
  </ItemGroup>
  <ItemGroup>
    <Filter Include="PreCompile">
      <UniqueIdentifier>{a87e0078-f3c8-4a43-bfec-c101c9a404c4}</UniqueIdentifier>
    </Filter>
    <Filter Include="ContentsObject">
      <UniqueIdentifier>{26872fba-4e70-4b03-abcf-75a854643a48}</UniqueIdentifier>
    </Filter>
    <Filter Include="Core">
      <UniqueIdentifier>{a1cc2534-c12e-4252-9e7c-aafe5e50e75c}</UniqueIdentifier>
    </Filter>
    <Filter Include="ContentsObject\GameMode">
      <UniqueIdentifier>{853cd216-882a-48b9-a584-a08e11d0a3b2}</UniqueIdentifier>
    </Filter>
    <Filter Include="Global">
      <UniqueIdentifier>{29ba7cbb-bcfd-4de0-94f1-8fc42faf73e2}</UniqueIdentifier>
    </Filter>
    <Filter Include="ContentsObject\Title">
      <UniqueIdentifier>{cca73199-5896-44f3-9efd-4e859017b9f0}</UniqueIdentifier>
    </Filter>
    <Filter Include="ContentsObject\GameMap">
      <UniqueIdentifier>{9930e700-f278-4e51-a8a2-33e1a9b3153f}</UniqueIdentifier>
    </Filter>
    <Filter Include="ContentsObject\HUD">
      <UniqueIdentifier>{05bb8190-22ce-46a7-b422-f208976c7a87}</UniqueIdentifier>
    </Filter>
    <Filter Include="ContentsObject\Monster">
      <UniqueIdentifier>{a64bbb43-c97e-4103-8818-53e46246aaf6}</UniqueIdentifier>
    </Filter>
    <Filter Include="ContentsObject\Kirby">
      <UniqueIdentifier>{fdae237f-29e8-4c5b-9d88-571307bb7dab}</UniqueIdentifier>
    </Filter>
    <Filter Include="ContentsObject\Manager">
      <UniqueIdentifier>{7c2225b2-a366-45f0-b96a-f861d8f94374}</UniqueIdentifier>
    </Filter>
    <Filter Include="ThridParty">
      <UniqueIdentifier>{c40f4347-b8d2-415c-9b25-eb3537498665}</UniqueIdentifier>
    </Filter>
    <Filter Include="ThridParty\FMOD">
      <UniqueIdentifier>{6d798405-72b0-45b1-ad42-9caccd1ed86b}</UniqueIdentifier>
    </Filter>
    <Filter Include="ThridParty\FMOD\Bin">
      <UniqueIdentifier>{a4cde5a8-eeb9-47b8-b66a-4dd29102bf88}</UniqueIdentifier>
    </Filter>
    <Filter Include="ThridParty\FMOD\Inc">
      <UniqueIdentifier>{c62b5abc-4f5a-4c5b-bbd8-33c0dd16e51a}</UniqueIdentifier>
    </Filter>
    <Filter Include="ThridParty\FMOD\Bin\Debug">
      <UniqueIdentifier>{d084d577-57e4-46d1-bc17-ce29df44100e}</UniqueIdentifier>
    </Filter>
    <Filter Include="ThridParty\FMOD\Bin\Release">
      <UniqueIdentifier>{0d424e26-737e-4617-bba2-5ade2a07e31f}</UniqueIdentifier>
    </Filter>
  </ItemGroup>
  <ItemGroup>
    <CopyFileToFolders Include="..\EnginePlatform\ThirdParty\FMOD\bin\Debug\fmodL.dll">
      <Filter>ThridParty\FMOD\Bin\Debug</Filter>
    </CopyFileToFolders>
    <CopyFileToFolders Include="..\EnginePlatform\ThirdParty\FMOD\bin\Debug\fmodL_vc.lib">
      <Filter>ThridParty\FMOD\Bin\Debug</Filter>
    </CopyFileToFolders>
    <CopyFileToFolders Include="..\EnginePlatform\ThirdParty\FMOD\bin\Release\fmod.dll">
      <Filter>ThridParty\FMOD\Bin\Release</Filter>
    </CopyFileToFolders>
    <CopyFileToFolders Include="..\EnginePlatform\ThirdParty\FMOD\bin\Release\fmod_vc.lib">
      <Filter>ThridParty\FMOD\Bin\Release</Filter>
    </CopyFileToFolders>
  </ItemGroup>
</Project>