<?xml version="1.0" encoding="utf-8"?>
<Project ToolsVersion="4.0" xmlns="http://schemas.microsoft.com/developer/msbuild/2003">
  <ItemGroup>
    <ClInclude Include="Actor.h">
      <Filter>Object</Filter>
    </ClInclude>
    <ClInclude Include="EngineAPICore.h">
      <Filter>Core</Filter>
    </ClInclude>
    <ClInclude Include="PreCompile.h">
      <Filter>PreCompile</Filter>
    </ClInclude>
    <ClInclude Include="Level.h">
      <Filter>Object\Level</Filter>
    </ClInclude>
    <ClInclude Include="ImageManager.h">
      <Filter>Resource</Filter>
    </ClInclude>
    <ClInclude Include="EngineSprite.h">
      <Filter>Resource</Filter>
    </ClInclude>
    <ClInclude Include="SpriteRenderer.h">
      <Filter>Object\Actor\Component\Rendering</Filter>
    </ClInclude>
    <ClInclude Include="GameMode.h">
      <Filter>Object\Actor</Filter>
    </ClInclude>
    <ClInclude Include="2DCollision.h">
      <Filter>Object\Actor\Component\Collision</Filter>
    </ClInclude>
    <ClInclude Include="SceneComponent.h">
      <Filter>Object\Actor\Component</Filter>
    </ClInclude>
    <ClInclude Include="ActorComponent.h">
      <Filter>Object\Actor\Component</Filter>
    </ClInclude>
    <ClInclude Include="EngineCoreDebug.h">
      <Filter>Debug</Filter>
    </ClInclude>
    <ClInclude Include="..\EnginePlatform\EngineSound.h">
      <Filter>Resource</Filter>
    </ClInclude>
  </ItemGroup>
  <ItemGroup>
    <ClCompile Include="Actor.cpp">
      <Filter>Object</Filter>
    </ClCompile>
    <ClCompile Include="EngineAPICore.cpp">
      <Filter>Core</Filter>
    </ClCompile>
    <ClCompile Include="PreCompile.cpp">
      <Filter>PreCompile</Filter>
    </ClCompile>
    <ClCompile Include="Level.cpp">
      <Filter>Object\Level</Filter>
    </ClCompile>
    <ClCompile Include="ImageManager.cpp">
      <Filter>Resource</Filter>
    </ClCompile>
    <ClCompile Include="EngineSprite.cpp">
      <Filter>Resource</Filter>
    </ClCompile>
    <ClCompile Include="SpriteRenderer.cpp">
      <Filter>Object\Actor\Component\Rendering</Filter>
    </ClCompile>
    <ClCompile Include="GameMode.cpp">
      <Filter>Object\Actor</Filter>
    </ClCompile>
    <ClCompile Include="2DCollision.cpp">
      <Filter>Object\Actor\Component\Collision</Filter>
    </ClCompile>
    <ClCompile Include="SceneComponent.cpp">
      <Filter>Object\Actor\Component</Filter>
    </ClCompile>
    <ClCompile Include="ActorComponent.cpp">
      <Filter>Object\Actor\Component</Filter>
    </ClCompile>
    <ClCompile Include="EngineCoreDebug.cpp">
      <Filter>Debug</Filter>
    </ClCompile>
    <ClCompile Include="..\EnginePlatform\EngineSound.cpp">
      <Filter>Resource</Filter>
    </ClCompile>
  </ItemGroup>
  <ItemGroup>
    <Filter Include="Object">
      <UniqueIdentifier>{fa94d2f9-90f5-4035-b805-794f14daf733}</UniqueIdentifier>
    </Filter>
    <Filter Include="Core">
      <UniqueIdentifier>{82398bc5-5f12-4ab3-b1ff-d78f32657e74}</UniqueIdentifier>
    </Filter>
    <Filter Include="PreCompile">
      <UniqueIdentifier>{21fc7fc3-3267-4d43-abda-b0faf2091956}</UniqueIdentifier>
    </Filter>
    <Filter Include="Object\Level">
      <UniqueIdentifier>{b85a84f9-2e02-45f0-838a-60e1286deee4}</UniqueIdentifier>
    </Filter>
    <Filter Include="Object\Actor">
      <UniqueIdentifier>{c79465ad-2c21-4eef-9186-7d51fef1f550}</UniqueIdentifier>
    </Filter>
    <Filter Include="Resource">
      <UniqueIdentifier>{85f5afad-9cc9-40d1-bab5-7868bcdcad6b}</UniqueIdentifier>
    </Filter>
    <Filter Include="Object\Actor\Component">
      <UniqueIdentifier>{3174bf44-3f8e-413e-a6f3-f819642a80f9}</UniqueIdentifier>
    </Filter>
    <Filter Include="Object\Actor\Component\Rendering">
      <UniqueIdentifier>{6aa180e6-c357-4538-8cdd-3d5b05cdbd98}</UniqueIdentifier>
    </Filter>
    <Filter Include="Object\Actor\Component\Collision">
      <UniqueIdentifier>{3d490b33-7b11-4f78-acc8-3b1de0225a4b}</UniqueIdentifier>
    </Filter>
    <Filter Include="Debug">
      <UniqueIdentifier>{a7bc2ee6-4611-465a-862d-7e1230017bce}</UniqueIdentifier>
    </Filter>
  </ItemGroup>
</Project>