
Microsoft Visual Studio Solution File, Format Version 12.00
# Visual Studio Version 17
VisualStudioVersion = 17.11.35327.3
MinimumVisualStudioVersion = 10.0.40219.1
Project("{8BC9CEB8-8B4A-11D0-8D11-00A0C91BC942}") = "ContentsProject", "ContentsProject\ContentsProject.vcxproj", "{7F5DDBCF-34AC-4991-B584-BC080D16A110}"
	ProjectSection(ProjectDependencies) = postProject
		{47E3AAD8-CC6C-46C3-86C8-B7CA1A81DA66} = {47E3AAD8-CC6C-46C3-86C8-B7CA1A81DA66}
		{C8716692-90A9-4CE7-BFF2-59B902B04C05} = {C8716692-90A9-4CE7-BFF2-59B902B04C05}
	EndProjectSection
EndProject
Project("{8BC9CEB8-8B4A-11D0-8D11-00A0C91BC942}") = "App", "App\App.vcxproj", "{18E6B2E1-FF4F-4E33-B603-D3641FAB2059}"
	ProjectSection(ProjectDependencies) = postProject
		{47E3AAD8-CC6C-46C3-86C8-B7CA1A81DA66} = {47E3AAD8-CC6C-46C3-86C8-B7CA1A81DA66}
		{7F5DDBCF-34AC-4991-B584-BC080D16A110} = {7F5DDBCF-34AC-4991-B584-BC080D16A110}
		{C8716692-90A9-4CE7-BFF2-59B902B04C05} = {C8716692-90A9-4CE7-BFF2-59B902B04C05}
	EndProjectSection
EndProject
Project("{8BC9CEB8-8B4A-11D0-8D11-00A0C91BC942}") = "EngineCore", "EngineCore\EngineCore.vcxproj", "{C8716692-90A9-4CE7-BFF2-59B902B04C05}"
EndProject
Project("{8BC9CEB8-8B4A-11D0-8D11-00A0C91BC942}") = "EngineBase", "EngineBase\EngineBase.vcxproj", "{47E3AAD8-CC6C-46C3-86C8-B7CA1A81DA66}"
EndProject
Project("{2150E333-8FDC-42A3-9474-1A3956D46DE8}") = "Level0_Base", "Level0_Base", "{568F2EC6-9CC1-460C-865B-7AC1DD9BA3A3}"
EndProject
Project("{2150E333-8FDC-42A3-9474-1A3956D46DE8}") = "Level1_OS", "Level1_OS", "{71C06522-BB8F-4969-A708-7166A4B44FD6}"
EndProject
Project("{2150E333-8FDC-42A3-9474-1A3956D46DE8}") = "Level2_Engine", "Level2_Engine", "{6D1C5829-7FE2-4C40-B50E-9F37818C96CB}"
EndProject
Project("{2150E333-8FDC-42A3-9474-1A3956D46DE8}") = "Level3_Contents", "Level3_Contents", "{1FC64D45-3BDB-4D0B-9B26-6DA9EAE72645}"
EndProject
Project("{2150E333-8FDC-42A3-9474-1A3956D46DE8}") = "Level4_App", "Level4_App", "{67B3EC5B-88C3-4626-A656-3AD0D39C2FFA}"
EndProject
Project("{8BC9CEB8-8B4A-11D0-8D11-00A0C91BC942}") = "EnginePlatform", "EnginePlatform\EnginePlatform.vcxproj", "{F9CE566D-792C-41F3-A621-26F0A42CBA9C}"
EndProject
Global
	GlobalSection(SolutionConfigurationPlatforms) = preSolution
		Debug|x64 = Debug|x64
		Debug|x86 = Debug|x86
		Release|x64 = Release|x64
		Release|x86 = Release|x86
	EndGlobalSection
	GlobalSection(ProjectConfigurationPlatforms) = postSolution
		{7F5DDBCF-34AC-4991-B584-BC080D16A110}.Debug|x64.ActiveCfg = Debug|x64
		{7F5DDBCF-34AC-4991-B584-BC080D16A110}.Debug|x64.Build.0 = Debug|x64
		{7F5DDBCF-34AC-4991-B584-BC080D16A110}.Debug|x86.ActiveCfg = Debug|Win32
		{7F5DDBCF-34AC-4991-B584-BC080D16A110}.Debug|x86.Build.0 = Debug|Win32
		{7F5DDBCF-34AC-4991-B584-BC080D16A110}.Release|x64.ActiveCfg = Release|x64
		{7F5DDBCF-34AC-4991-B584-BC080D16A110}.Release|x64.Build.0 = Release|x64
		{7F5DDBCF-34AC-4991-B584-BC080D16A110}.Release|x86.ActiveCfg = Release|Win32
		{7F5DDBCF-34AC-4991-B584-BC080D16A110}.Release|x86.Build.0 = Release|Win32
		{18E6B2E1-FF4F-4E33-B603-D3641FAB2059}.Debug|x64.ActiveCfg = Debug|x64
		{18E6B2E1-FF4F-4E33-B603-D3641FAB2059}.Debug|x64.Build.0 = Debug|x64
		{18E6B2E1-FF4F-4E33-B603-D3641FAB2059}.Debug|x86.ActiveCfg = Debug|Win32
		{18E6B2E1-FF4F-4E33-B603-D3641FAB2059}.Debug|x86.Build.0 = Debug|Win32
		{18E6B2E1-FF4F-4E33-B603-D3641FAB2059}.Release|x64.ActiveCfg = Release|x64
		{18E6B2E1-FF4F-4E33-B603-D3641FAB2059}.Release|x64.Build.0 = Release|x64
		{18E6B2E1-FF4F-4E33-B603-D3641FAB2059}.Release|x86.ActiveCfg = Release|Win32
		{18E6B2E1-FF4F-4E33-B603-D3641FAB2059}.Release|x86.Build.0 = Release|Win32
		{C8716692-90A9-4CE7-BFF2-59B902B04C05}.Debug|x64.ActiveCfg = Debug|x64
		{C8716692-90A9-4CE7-BFF2-59B902B04C05}.Debug|x64.Build.0 = Debug|x64
		{C8716692-90A9-4CE7-BFF2-59B902B04C05}.Debug|x86.ActiveCfg = Debug|Win32
		{C8716692-90A9-4CE7-BFF2-59B902B04C05}.Debug|x86.Build.0 = Debug|Win32
		{C8716692-90A9-4CE7-BFF2-59B902B04C05}.Release|x64.ActiveCfg = Release|x64
		{C8716692-90A9-4CE7-BFF2-59B902B04C05}.Release|x64.Build.0 = Release|x64
		{C8716692-90A9-4CE7-BFF2-59B902B04C05}.Release|x86.ActiveCfg = Release|Win32
		{C8716692-90A9-4CE7-BFF2-59B902B04C05}.Release|x86.Build.0 = Release|Win32
		{47E3AAD8-CC6C-46C3-86C8-B7CA1A81DA66}.Debug|x64.ActiveCfg = Debug|x64
		{47E3AAD8-CC6C-46C3-86C8-B7CA1A81DA66}.Debug|x64.Build.0 = Debug|x64
		{47E3AAD8-CC6C-46C3-86C8-B7CA1A81DA66}.Debug|x86.ActiveCfg = Debug|Win32
		{47E3AAD8-CC6C-46C3-86C8-B7CA1A81DA66}.Debug|x86.Build.0 = Debug|Win32
		{47E3AAD8-CC6C-46C3-86C8-B7CA1A81DA66}.Release|x64.ActiveCfg = Release|x64
		{47E3AAD8-CC6C-46C3-86C8-B7CA1A81DA66}.Release|x64.Build.0 = Release|x64
		{47E3AAD8-CC6C-46C3-86C8-B7CA1A81DA66}.Release|x86.ActiveCfg = Release|Win32
		{47E3AAD8-CC6C-46C3-86C8-B7CA1A81DA66}.Release|x86.Build.0 = Release|Win32
		{F9CE566D-792C-41F3-A621-26F0A42CBA9C}.Debug|x64.ActiveCfg = Debug|x64
		{F9CE566D-792C-41F3-A621-26F0A42CBA9C}.Debug|x64.Build.0 = Debug|x64
		{F9CE566D-792C-41F3-A621-26F0A42CBA9C}.Debug|x86.ActiveCfg = Debug|Win32
		{F9CE566D-792C-41F3-A621-26F0A42CBA9C}.Debug|x86.Build.0 = Debug|Win32
		{F9CE566D-792C-41F3-A621-26F0A42CBA9C}.Release|x64.ActiveCfg = Release|x64
		{F9CE566D-792C-41F3-A621-26F0A42CBA9C}.Release|x64.Build.0 = Release|x64
		{F9CE566D-792C-41F3-A621-26F0A42CBA9C}.Release|x86.ActiveCfg = Release|Win32
		{F9CE566D-792C-41F3-A621-26F0A42CBA9C}.Release|x86.Build.0 = Release|Win32
	EndGlobalSection
	GlobalSection(SolutionProperties) = preSolution
		HideSolutionNode = FALSE
	EndGlobalSection
	GlobalSection(NestedProjects) = preSolution
		{7F5DDBCF-34AC-4991-B584-BC080D16A110} = {1FC64D45-3BDB-4D0B-9B26-6DA9EAE72645}
		{18E6B2E1-FF4F-4E33-B603-D3641FAB2059} = {67B3EC5B-88C3-4626-A656-3AD0D39C2FFA}
		{C8716692-90A9-4CE7-BFF2-59B902B04C05} = {6D1C5829-7FE2-4C40-B50E-9F37818C96CB}
		{47E3AAD8-CC6C-46C3-86C8-B7CA1A81DA66} = {568F2EC6-9CC1-460C-865B-7AC1DD9BA3A3}
		{F9CE566D-792C-41F3-A621-26F0A42CBA9C} = {71C06522-BB8F-4969-A708-7166A4B44FD6}
	EndGlobalSection
	GlobalSection(ExtensibilityGlobals) = postSolution
		SolutionGuid = {DBF24DA9-584A-449B-AFEB-C8913134AE26}
	EndGlobalSection
EndGlobal
